
Microsoft Visual Studio Solution File, Format Version 10.00
# Visual Studio 2008
Project("{F14B399A-7131-4C87-9E4B-1186C45EF12D}") = "DB Schema Report", "DB Schema Report\DB Schema Report.rptproj", "{F46DBE0E-0C99-4BDD-9854-2E8184295F64}"
EndProject
Global
	GlobalSection(SolutionConfigurationPlatforms) = preSolution
		Debug|Default = Debug|Default
		DebugLocal|Default = DebugLocal|Default
		Release|Default = Release|Default
	EndGlobalSection
	GlobalSection(ProjectConfigurationPlatforms) = postSolution
		{F46DBE0E-0C99-4BDD-9854-2E8184295F64}.Debug|Default.ActiveCfg = Debug
		{F46DBE0E-0C99-4BDD-9854-2E8184295F64}.Debug|Default.Build.0 = DebugLocal
		{F46DBE0E-0C99-4BDD-9854-2E8184295F64}.Debug|Default.Deploy.0 = DebugLocal
		{F46DBE0E-0C99-4BDD-9854-2E8184295F64}.DebugLocal|Default.ActiveCfg = DebugLocal
		{F46DBE0E-0C99-4BDD-9854-2E8184295F64}.DebugLocal|Default.Build.0 = DebugLocal
		{F46DBE0E-0C99-4BDD-9854-2E8184295F64}.Release|Default.ActiveCfg = Release
		{F46DBE0E-0C99-4BDD-9854-2E8184295F64}.Release|Default.Build.0 = Release
		{F46DBE0E-0C99-4BDD-9854-2E8184295F64}.Release|Default.Deploy.0 = Release
	EndGlobalSection
	GlobalSection(SolutionProperties) = preSolution
		HideSolutionNode = FALSE
	EndGlobalSection
EndGlobal
